// !$*UTF8*$!
{
	archiveVersion = 1;
	classes = {
	};
	objectVersion = 56;
	objects = {

/* Begin PBXBuildFile section */
		5152F6F328F73308001383AF /* ProductivityApp.swift in Sources */ = {isa = PBXBuildFile; fileRef = 5152F6F228F73308001383AF /* ProductivityApp.swift */; };
		5152F6F528F73308001383AF /* ContentView.swift in Sources */ = {isa = PBXBuildFile; fileRef = 5152F6F428F73308001383AF /* ContentView.swift */; };
		5152F6F728F73308001383AF /* Assets.xcassets in Resources */ = {isa = PBXBuildFile; fileRef = 5152F6F628F73308001383AF /* Assets.xcassets */; };
		5152F6FA28F73308001383AF /* Preview Assets.xcassets in Resources */ = {isa = PBXBuildFile; fileRef = 5152F6F928F73308001383AF /* Preview Assets.xcassets */; };
		5152F70528F73308001383AF /* ProductivityAppTests.swift in Sources */ = {isa = PBXBuildFile; fileRef = 5152F70428F73308001383AF /* ProductivityAppTests.swift */; };
		5152F70F28F73308001383AF /* ProductivityAppUITests.swift in Sources */ = {isa = PBXBuildFile; fileRef = 5152F70E28F73308001383AF /* ProductivityAppUITests.swift */; };
		5152F71128F73308001383AF /* ProductivityAppUITestsLaunchTests.swift in Sources */ = {isa = PBXBuildFile; fileRef = 5152F71028F73308001383AF /* ProductivityAppUITestsLaunchTests.swift */; };
/* End PBXBuildFile section */

/* Begin PBXContainerItemProxy section */
		5152F70128F73308001383AF /* PBXContainerItemProxy */ = {
			isa = PBXContainerItemProxy;
			containerPortal = 5152F6E728F73307001383AF /* Project object */;
			proxyType = 1;
			remoteGlobalIDString = 5152F6EE28F73308001383AF;
			remoteInfo = ProductivityApp;
		};
		5152F70B28F73308001383AF /* PBXContainerItemProxy */ = {
			isa = PBXContainerItemProxy;
			containerPortal = 5152F6E728F73307001383AF /* Project object */;
			proxyType = 1;
			remoteGlobalIDString = 5152F6EE28F73308001383AF;
			remoteInfo = ProductivityApp;
		};
/* End PBXContainerItemProxy section */

/* Begin PBXFileReference section */
		5152F6EF28F73308001383AF /* ProductivityApp.app */ = {isa = PBXFileReference; explicitFileType = wrapper.application; includeInIndex = 0; path = ProductivityApp.app; sourceTree = BUILT_PRODUCTS_DIR; };
		5152F6F228F73308001383AF /* ProductivityApp.swift */ = {isa = PBXFileReference; lastKnownFileType = sourcecode.swift; path = ProductivityApp.swift; sourceTree = "<group>"; };
		5152F6F428F73308001383AF /* ContentView.swift */ = {isa = PBXFileReference; lastKnownFileType = sourcecode.swift; path = ContentView.swift; sourceTree = "<group>"; };
		5152F6F628F73308001383AF /* Assets.xcassets */ = {isa = PBXFileReference; lastKnownFileType = folder.assetcatalog; path = Assets.xcassets; sourceTree = "<group>"; };
		5152F6F928F73308001383AF /* Preview Assets.xcassets */ = {isa = PBXFileReference; lastKnownFileType = folder.assetcatalog; path = "Preview Assets.xcassets"; sourceTree = "<group>"; };
		5152F6FB28F73308001383AF /* ProductivityApp.entitlements */ = {isa = PBXFileReference; lastKnownFileType = text.plist.entitlements; path = ProductivityApp.entitlements; sourceTree = "<group>"; };
		5152F70028F73308001383AF /* ProductivityAppTests.xctest */ = {isa = PBXFileReference; explicitFileType = wrapper.cfbundle; includeInIndex = 0; path = ProductivityAppTests.xctest; sourceTree = BUILT_PRODUCTS_DIR; };
		5152F70428F73308001383AF /* ProductivityAppTests.swift */ = {isa = PBXFileReference; lastKnownFileType = sourcecode.swift; path = ProductivityAppTests.swift; sourceTree = "<group>"; };
		5152F70A28F73308001383AF /* ProductivityAppUITests.xctest */ = {isa = PBXFileReference; explicitFileType = wrapper.cfbundle; includeInIndex = 0; path = ProductivityAppUITests.xctest; sourceTree = BUILT_PRODUCTS_DIR; };
		5152F70E28F73308001383AF /* ProductivityAppUITests.swift */ = {isa = PBXFileReference; lastKnownFileType = sourcecode.swift; path = ProductivityAppUITests.swift; sourceTree = "<group>"; };
		5152F71028F73308001383AF /* ProductivityAppUITestsLaunchTests.swift */ = {isa = PBXFileReference; lastKnownFileType = sourcecode.swift; path = ProductivityAppUITestsLaunchTests.swift; sourceTree = "<group>"; };
/* End PBXFileReference section */

/* Begin PBXFrameworksBuildPhase section */
		5152F6EC28F73308001383AF /* Frameworks */ = {
			isa = PBXFrameworksBuildPhase;
			buildActionMask = 2147483647;
			files = (
			);
			runOnlyForDeploymentPostprocessing = 0;
		};
		5152F6FD28F73308001383AF /* Frameworks */ = {
			isa = PBXFrameworksBuildPhase;
			buildActionMask = 2147483647;
			files = (
			);
			runOnlyForDeploymentPostprocessing = 0;
		};
		5152F70728F73308001383AF /* Frameworks */ = {
			isa = PBXFrameworksBuildPhase;
			buildActionMask = 2147483647;
			files = (
			);
			runOnlyForDeploymentPostprocessing = 0;
		};
/* End PBXFrameworksBuildPhase section */

/* Begin PBXGroup section */
		5152F6E628F73307001383AF = {
			isa = PBXGroup;
			children = (
				5152F6F128F73308001383AF /* ProductivityApp */,
				5152F70328F73308001383AF /* ProductivityAppTests */,
				5152F70D28F73308001383AF /* ProductivityAppUITests */,
				5152F6F028F73308001383AF /* Products */,
			);
			sourceTree = "<group>";
		};
		5152F6F028F73308001383AF /* Products */ = {
			isa = PBXGroup;
			children = (
				5152F6EF28F73308001383AF /* ProductivityApp.app */,
				5152F70028F73308001383AF /* ProductivityAppTests.xctest */,
				5152F70A28F73308001383AF /* ProductivityAppUITests.xctest */,
			);
			name = Products;
			sourceTree = "<group>";
		};
		5152F6F128F73308001383AF /* ProductivityApp */ = {
			isa = PBXGroup;
			children = (
				5152F6F228F73308001383AF /* ProductivityApp.swift */,
				5152F6F428F73308001383AF /* ContentView.swift */,
				5152F6F628F73308001383AF /* Assets.xcassets */,
				5152F6FB28F73308001383AF /* ProductivityApp.entitlements */,
				5152F6F828F73308001383AF /* Preview Content */,
			);
			path = ProductivityApp;
			sourceTree = "<group>";
		};
		5152F6F828F73308001383AF /* Preview Content */ = {
			isa = PBXGroup;
			children = (
				5152F6F928F73308001383AF /* Preview Assets.xcassets */,
			);
			path = "Preview Content";
			sourceTree = "<group>";
		};
		5152F70328F73308001383AF /* ProductivityAppTests */ = {
			isa = PBXGroup;
			children = (
				5152F70428F73308001383AF /* ProductivityAppTests.swift */,
			);
			path = ProductivityAppTests;
			sourceTree = "<group>";
		};
		5152F70D28F73308001383AF /* ProductivityAppUITests */ = {
			isa = PBXGroup;
			children = (
				5152F70E28F73308001383AF /* ProductivityAppUITests.swift */,
				5152F71028F73308001383AF /* ProductivityAppUITestsLaunchTests.swift */,
			);
			path = ProductivityAppUITests;
			sourceTree = "<group>";
		};
/* End PBXGroup section */

/* Begin PBXNativeTarget section */
		5152F6EE28F73308001383AF /* ProductivityApp */ = {
			isa = PBXNativeTarget;
			buildConfigurationList = 5152F71428F73308001383AF /* Build configuration list for PBXNativeTarget "ProductivityApp" */;
			buildPhases = (
				5152F6EB28F73308001383AF /* Sources */,
				5152F6EC28F73308001383AF /* Frameworks */,
				5152F6ED28F73308001383AF /* Resources */,
			);
			buildRules = (
			);
			dependencies = (
			);
			name = ProductivityApp;
			productName = ProductivityApp;
			productReference = 5152F6EF28F73308001383AF /* ProductivityApp.app */;
			productType = "com.apple.product-type.application";
		};
		5152F6FF28F73308001383AF /* ProductivityAppTests */ = {
			isa = PBXNativeTarget;
			buildConfigurationList = 5152F71728F73308001383AF /* Build configuration list for PBXNativeTarget "ProductivityAppTests" */;
			buildPhases = (
				5152F6FC28F73308001383AF /* Sources */,
				5152F6FD28F73308001383AF /* Frameworks */,
				5152F6FE28F73308001383AF /* Resources */,
			);
			buildRules = (
			);
			dependencies = (
				5152F70228F73308001383AF /* PBXTargetDependency */,
			);
			name = ProductivityAppTests;
			productName = ProductivityAppTests;
			productReference = 5152F70028F73308001383AF /* ProductivityAppTests.xctest */;
			productType = "com.apple.product-type.bundle.unit-test";
		};
		5152F70928F73308001383AF /* ProductivityAppUITests */ = {
			isa = PBXNativeTarget;
			buildConfigurationList = 5152F71A28F73308001383AF /* Build configuration list for PBXNativeTarget "ProductivityAppUITests" */;
			buildPhases = (
				5152F70628F73308001383AF /* Sources */,
				5152F70728F73308001383AF /* Frameworks */,
				5152F70828F73308001383AF /* Resources */,
			);
			buildRules = (
			);
			dependencies = (
				5152F70C28F73308001383AF /* PBXTargetDependency */,
			);
			name = ProductivityAppUITests;
			productName = ProductivityAppUITests;
			productReference = 5152F70A28F73308001383AF /* ProductivityAppUITests.xctest */;
			productType = "com.apple.product-type.bundle.ui-testing";
		};
/* End PBXNativeTarget section */

/* Begin PBXProject section */
		5152F6E728F73307001383AF /* Project object */ = {
			isa = PBXProject;
			attributes = {
				BuildIndependentTargetsInParallel = 1;
				LastSwiftUpdateCheck = 1400;
				LastUpgradeCheck = 1400;
				TargetAttributes = {
					5152F6EE28F73308001383AF = {
						CreatedOnToolsVersion = 14.0.1;
					};
					5152F6FF28F73308001383AF = {
						CreatedOnToolsVersion = 14.0.1;
						TestTargetID = 5152F6EE28F73308001383AF;
					};
					5152F70928F73308001383AF = {
						CreatedOnToolsVersion = 14.0.1;
						TestTargetID = 5152F6EE28F73308001383AF;
					};
				};
			};
			buildConfigurationList = 5152F6EA28F73307001383AF /* Build configuration list for PBXProject "ProductivityApp" */;
			compatibilityVersion = "Xcode 14.0";
			developmentRegion = en;
			hasScannedForEncodings = 0;
			knownRegions = (
				en,
				Base,
			);
			mainGroup = 5152F6E628F73307001383AF;
			productRefGroup = 5152F6F028F73308001383AF /* Products */;
			projectDirPath = "";
			projectRoot = "";
			targets = (
				5152F6EE28F73308001383AF /* ProductivityApp */,
				5152F6FF28F73308001383AF /* ProductivityAppTests */,
				5152F70928F73308001383AF /* ProductivityAppUITests */,
			);
		};
/* End PBXProject section */

/* Begin PBXResourcesBuildPhase section */
		5152F6ED28F73308001383AF /* Resources */ = {
			isa = PBXResourcesBuildPhase;
			buildActionMask = 2147483647;
			files = (
				5152F6FA28F73308001383AF /* Preview Assets.xcassets in Resources */,
				5152F6F728F73308001383AF /* Assets.xcassets in Resources */,
			);
			runOnlyForDeploymentPostprocessing = 0;
		};
		5152F6FE28F73308001383AF /* Resources */ = {
			isa = PBXResourcesBuildPhase;
			buildActionMask = 2147483647;
			files = (
			);
			runOnlyForDeploymentPostprocessing = 0;
		};
		5152F70828F73308001383AF /* Resources */ = {
			isa = PBXResourcesBuildPhase;
			buildActionMask = 2147483647;
			files = (
			);
			runOnlyForDeploymentPostprocessing = 0;
		};
/* End PBXResourcesBuildPhase section */

/* Begin PBXSourcesBuildPhase section */
		5152F6EB28F73308001383AF /* Sources */ = {
			isa = PBXSourcesBuildPhase;
			buildActionMask = 2147483647;
			files = (
				5152F6F528F73308001383AF /* ContentView.swift in Sources */,
				5152F6F328F73308001383AF /* ProductivityApp.swift in Sources */,
			);
			runOnlyForDeploymentPostprocessing = 0;
		};
		5152F6FC28F73308001383AF /* Sources */ = {
			isa = PBXSourcesBuildPhase;
			buildActionMask = 2147483647;
			files = (
				5152F70528F73308001383AF /* ProductivityAppTests.swift in Sources */,
			);
			runOnlyForDeploymentPostprocessing = 0;
		};
		5152F70628F73308001383AF /* Sources */ = {
			isa = PBXSourcesBuildPhase;
			buildActionMask = 2147483647;
			files = (
				5152F71128F73308001383AF /* ProductivityAppUITestsLaunchTests.swift in Sources */,
				5152F70F28F73308001383AF /* ProductivityAppUITests.swift in Sources */,
			);
			runOnlyForDeploymentPostprocessing = 0;
		};
/* End PBXSourcesBuildPhase section */

/* Begin PBXTargetDependency section */
		5152F70228F73308001383AF /* PBXTargetDependency */ = {
			isa = PBXTargetDependency;
			target = 5152F6EE28F73308001383AF /* ProductivityApp */;
			targetProxy = 5152F70128F73308001383AF /* PBXContainerItemProxy */;
		};
		5152F70C28F73308001383AF /* PBXTargetDependency */ = {
			isa = PBXTargetDependency;
			target = 5152F6EE28F73308001383AF /* ProductivityApp */;
			targetProxy = 5152F70B28F73308001383AF /* PBXContainerItemProxy */;
		};
/* End PBXTargetDependency section */

/* Begin XCBuildConfiguration section */
		5152F71228F73308001383AF /* Debug */ = {
			isa = XCBuildConfiguration;
			buildSettings = {
				ALWAYS_SEARCH_USER_PATHS = NO;
				CLANG_ANALYZER_NONNULL = YES;
				CLANG_ANALYZER_NUMBER_OBJECT_CONVERSION = YES_AGGRESSIVE;
				CLANG_CXX_LANGUAGE_STANDARD = "gnu++20";
				CLANG_ENABLE_MODULES = YES;
				CLANG_ENABLE_OBJC_ARC = YES;
				CLANG_ENABLE_OBJC_WEAK = YES;
				CLANG_WARN_BLOCK_CAPTURE_AUTORELEASING = YES;
				CLANG_WARN_BOOL_CONVERSION = YES;
				CLANG_WARN_COMMA = YES;
				CLANG_WARN_CONSTANT_CONVERSION = YES;
				CLANG_WARN_DEPRECATED_OBJC_IMPLEMENTATIONS = YES;
				CLANG_WARN_DIRECT_OBJC_ISA_USAGE = YES_ERROR;
				CLANG_WARN_DOCUMENTATION_COMMENTS = YES;
				CLANG_WARN_EMPTY_BODY = YES;
				CLANG_WARN_ENUM_CONVERSION = YES;
				CLANG_WARN_INFINITE_RECURSION = YES;
				CLANG_WARN_INT_CONVERSION = YES;
				CLANG_WARN_NON_LITERAL_NULL_CONVERSION = YES;
				CLANG_WARN_OBJC_IMPLICIT_RETAIN_SELF = YES;
				CLANG_WARN_OBJC_LITERAL_CONVERSION = YES;
				CLANG_WARN_OBJC_ROOT_CLASS = YES_ERROR;
				CLANG_WARN_QUOTED_INCLUDE_IN_FRAMEWORK_HEADER = YES;
				CLANG_WARN_RANGE_LOOP_ANALYSIS = YES;
				CLANG_WARN_STRICT_PROTOTYPES = YES;
				CLANG_WARN_SUSPICIOUS_MOVE = YES;
				CLANG_WARN_UNGUARDED_AVAILABILITY = YES_AGGRESSIVE;
				CLANG_WARN_UNREACHABLE_CODE = YES;
				CLANG_WARN__DUPLICATE_METHOD_MATCH = YES;
				COPY_PHASE_STRIP = NO;
				DEBUG_INFORMATION_FORMAT = dwarf;
				ENABLE_STRICT_OBJC_MSGSEND = YES;
				ENABLE_TESTABILITY = YES;
				GCC_C_LANGUAGE_STANDARD = gnu11;
				GCC_DYNAMIC_NO_PIC = NO;
				GCC_NO_COMMON_BLOCKS = YES;
				GCC_OPTIMIZATION_LEVEL = 0;
				GCC_PREPROCESSOR_DEFINITIONS = (
					"DEBUG=1",
					"$(inherited)",
				);
				GCC_WARN_64_TO_32_BIT_CONVERSION = YES;
				GCC_WARN_ABOUT_RETURN_TYPE = YES_ERROR;
				GCC_WARN_UNDECLARED_SELECTOR = YES;
				GCC_WARN_UNINITIALIZED_AUTOS = YES_AGGRESSIVE;
				GCC_WARN_UNUSED_FUNCTION = YES;
				GCC_WARN_UNUSED_VARIABLE = YES;
				MACOSX_DEPLOYMENT_TARGET = 12.3;
				MTL_ENABLE_DEBUG_INFO = INCLUDE_SOURCE;
				MTL_FAST_MATH = YES;
				ONLY_ACTIVE_ARCH = YES;
				SDKROOT = macosx;
				SWIFT_ACTIVE_COMPILATION_CONDITIONS = DEBUG;
				SWIFT_OPTIMIZATION_LEVEL = "-Onone";
			};
			name = Debug;
		};
		5152F71328F73308001383AF /* Release */ = {
			isa = XCBuildConfiguration;
			buildSettings = {
				ALWAYS_SEARCH_USER_PATHS = NO;
				CLANG_ANALYZER_NONNULL = YES;
				CLANG_ANALYZER_NUMBER_OBJECT_CONVERSION = YES_AGGRESSIVE;
				CLANG_CXX_LANGUAGE_STANDARD = "gnu++20";
				CLANG_ENABLE_MODULES = YES;
				CLANG_ENABLE_OBJC_ARC = YES;
				CLANG_ENABLE_OBJC_WEAK = YES;
				CLANG_WARN_BLOCK_CAPTURE_AUTORELEASING = YES;
				CLANG_WARN_BOOL_CONVERSION = YES;
				CLANG_WARN_COMMA = YES;
				CLANG_WARN_CONSTANT_CONVERSION = YES;
				CLANG_WARN_DEPRECATED_OBJC_IMPLEMENTATIONS = YES;
				CLANG_WARN_DIRECT_OBJC_ISA_USAGE = YES_ERROR;
				CLANG_WARN_DOCUMENTATION_COMMENTS = YES;
				CLANG_WARN_EMPTY_BODY = YES;
				CLANG_WARN_ENUM_CONVERSION = YES;
				CLANG_WARN_INFINITE_RECURSION = YES;
				CLANG_WARN_INT_CONVERSION = YES;
				CLANG_WARN_NON_LITERAL_NULL_CONVERSION = YES;
				CLANG_WARN_OBJC_IMPLICIT_RETAIN_SELF = YES;
				CLANG_WARN_OBJC_LITERAL_CONVERSION = YES;
				CLANG_WARN_OBJC_ROOT_CLASS = YES_ERROR;
				CLANG_WARN_QUOTED_INCLUDE_IN_FRAMEWORK_HEADER = YES;
				CLANG_WARN_RANGE_LOOP_ANALYSIS = YES;
				CLANG_WARN_STRICT_PROTOTYPES = YES;
				CLANG_WARN_SUSPICIOUS_MOVE = YES;
				CLANG_WARN_UNGUARDED_AVAILABILITY = YES_AGGRESSIVE;
				CLANG_WARN_UNREACHABLE_CODE = YES;
				CLANG_WARN__DUPLICATE_METHOD_MATCH = YES;
				COPY_PHASE_STRIP = NO;
				DEBUG_INFORMATION_FORMAT = "dwarf-with-dsym";
				ENABLE_NS_ASSERTIONS = NO;
				ENABLE_STRICT_OBJC_MSGSEND = YES;
				GCC_C_LANGUAGE_STANDARD = gnu11;
				GCC_NO_COMMON_BLOCKS = YES;
				GCC_WARN_64_TO_32_BIT_CONVERSION = YES;
				GCC_WARN_ABOUT_RETURN_TYPE = YES_ERROR;
				GCC_WARN_UNDECLARED_SELECTOR = YES;
				GCC_WARN_UNINITIALIZED_AUTOS = YES_AGGRESSIVE;
				GCC_WARN_UNUSED_FUNCTION = YES;
				GCC_WARN_UNUSED_VARIABLE = YES;
				MACOSX_DEPLOYMENT_TARGET = 12.3;
				MTL_ENABLE_DEBUG_INFO = NO;
				MTL_FAST_MATH = YES;
				SDKROOT = macosx;
				SWIFT_COMPILATION_MODE = wholemodule;
				SWIFT_OPTIMIZATION_LEVEL = "-O";
			};
			name = Release;
		};
		5152F71528F73308001383AF /* Debug */ = {
			isa = XCBuildConfiguration;
			buildSettings = {
				ASSETCATALOG_COMPILER_APPICON_NAME = AppIcon;
				ASSETCATALOG_COMPILER_GLOBAL_ACCENT_COLOR_NAME = AccentColor;
				CODE_SIGN_ENTITLEMENTS = ProductivityApp/ProductivityApp.entitlements;
				CODE_SIGN_STYLE = Automatic;
				COMBINE_HIDPI_IMAGES = YES;
				CURRENT_PROJECT_VERSION = 1;
				DEVELOPMENT_ASSET_PATHS = "\"ProductivityApp/Preview Content\"";
				DEVELOPMENT_TEAM = B8AGE2A2NW;
				ENABLE_HARDENED_RUNTIME = YES;
				ENABLE_PREVIEWS = YES;
				GENERATE_INFOPLIST_FILE = YES;
				INFOPLIST_KEY_NSHumanReadableCopyright = "";
				LD_RUNPATH_SEARCH_PATHS = (
					"$(inherited)",
					"@executable_path/../Frameworks",
				);
				MARKETING_VERSION = 1.0;
				PRODUCT_BUNDLE_IDENTIFIER = com.sepheise.ProductivityApp;
				PRODUCT_NAME = "$(TARGET_NAME)";
				SWIFT_EMIT_LOC_STRINGS = YES;
				SWIFT_VERSION = 5.0;
			};
			name = Debug;
		};
		5152F71628F73308001383AF /* Release */ = {
			isa = XCBuildConfiguration;
			buildSettings = {
				ASSETCATALOG_COMPILER_APPICON_NAME = AppIcon;
				ASSETCATALOG_COMPILER_GLOBAL_ACCENT_COLOR_NAME = AccentColor;
				CODE_SIGN_ENTITLEMENTS = ProductivityApp/ProductivityApp.entitlements;
				CODE_SIGN_STYLE = Automatic;
				COMBINE_HIDPI_IMAGES = YES;
				CURRENT_PROJECT_VERSION = 1;
				DEVELOPMENT_ASSET_PATHS = "\"ProductivityApp/Preview Content\"";
				DEVELOPMENT_TEAM = B8AGE2A2NW;
				ENABLE_HARDENED_RUNTIME = YES;
				ENABLE_PREVIEWS = YES;
				GENERATE_INFOPLIST_FILE = YES;
				INFOPLIST_KEY_NSHumanReadableCopyright = "";
				LD_RUNPATH_SEARCH_PATHS = (
					"$(inherited)",
					"@executable_path/../Frameworks",
				);
				MARKETING_VERSION = 1.0;
				PRODUCT_BUNDLE_IDENTIFIER = com.sepheise.ProductivityApp;
				PRODUCT_NAME = "$(TARGET_NAME)";
				SWIFT_EMIT_LOC_STRINGS = YES;
				SWIFT_VERSION = 5.0;
			};
			name = Release;
		};
		5152F71828F73308001383AF /* Debug */ = {
			isa = XCBuildConfiguration;
			buildSettings = {
				ALWAYS_EMBED_SWIFT_STANDARD_LIBRARIES = YES;
				BUNDLE_LOADER = "$(TEST_HOST)";
				CODE_SIGN_STYLE = Automatic;
				CURRENT_PROJECT_VERSION = 1;
				DEVELOPMENT_TEAM = B8AGE2A2NW;
				GENERATE_INFOPLIST_FILE = YES;
				MACOSX_DEPLOYMENT_TARGET = 12.3;
				MARKETING_VERSION = 1.0;
				PRODUCT_BUNDLE_IDENTIFIER = com.sepheise.ProductivityAppTests;
				PRODUCT_NAME = "$(TARGET_NAME)";
				SWIFT_EMIT_LOC_STRINGS = NO;
				SWIFT_VERSION = 5.0;
				TEST_HOST = "$(BUILT_PRODUCTS_DIR)/ProductivityApp.app/$(BUNDLE_EXECUTABLE_FOLDER_PATH)/ProductivityApp";
			};
			name = Debug;
		};
		5152F71928F73308001383AF /* Release */ = {
			isa = XCBuildConfiguration;
			buildSettings = {
				ALWAYS_EMBED_SWIFT_STANDARD_LIBRARIES = YES;
				BUNDLE_LOADER = "$(TEST_HOST)";
				CODE_SIGN_STYLE = Automatic;
				CURRENT_PROJECT_VERSION = 1;
				DEVELOPMENT_TEAM = B8AGE2A2NW;
				GENERATE_INFOPLIST_FILE = YES;
				MACOSX_DEPLOYMENT_TARGET = 12.3;
				MARKETING_VERSION = 1.0;
				PRODUCT_BUNDLE_IDENTIFIER = com.sepheise.ProductivityAppTests;
				PRODUCT_NAME = "$(TARGET_NAME)";
				SWIFT_EMIT_LOC_STRINGS = NO;
				SWIFT_VERSION = 5.0;
				TEST_HOST = "$(BUILT_PRODUCTS_DIR)/ProductivityApp.app/$(BUNDLE_EXECUTABLE_FOLDER_PATH)/ProductivityApp";
			};
			name = Release;
		};
		5152F71B28F73308001383AF /* Debug */ = {
			isa = XCBuildConfiguration;
			buildSettings = {
				ALWAYS_EMBED_SWIFT_STANDARD_LIBRARIES = YES;
				CODE_SIGN_STYLE = Automatic;
				CURRENT_PROJECT_VERSION = 1;
				DEVELOPMENT_TEAM = B8AGE2A2NW;
				GENERATE_INFOPLIST_FILE = YES;
				MARKETING_VERSION = 1.0;
				PRODUCT_BUNDLE_IDENTIFIER = com.sepheise.ProductivityAppUITests;
				PRODUCT_NAME = "$(TARGET_NAME)";
				SWIFT_EMIT_LOC_STRINGS = NO;
				SWIFT_VERSION = 5.0;
				TEST_TARGET_NAME = ProductivityApp;
			};
			name = Debug;
		};
		5152F71C28F73308001383AF /* Release */ = {
			isa = XCBuildConfiguration;
			buildSettings = {
				ALWAYS_EMBED_SWIFT_STANDARD_LIBRARIES = YES;
				CODE_SIGN_STYLE = Automatic;
				CURRENT_PROJECT_VERSION = 1;
				DEVELOPMENT_TEAM = B8AGE2A2NW;
				GENERATE_INFOPLIST_FILE = YES;
				MARKETING_VERSION = 1.0;
				PRODUCT_BUNDLE_IDENTIFIER = com.sepheise.ProductivityAppUITests;
				PRODUCT_NAME = "$(TARGET_NAME)";
				SWIFT_EMIT_LOC_STRINGS = NO;
				SWIFT_VERSION = 5.0;
				TEST_TARGET_NAME = ProductivityApp;
			};
			name = Release;
		};
/* End XCBuildConfiguration section */

/* Begin XCConfigurationList section */
		5152F6EA28F73307001383AF /* Build configuration list for PBXProject "ProductivityApp" */ = {
			isa = XCConfigurationList;
			buildConfigurations = (
				5152F71228F73308001383AF /* Debug */,
				5152F71328F73308001383AF /* Release */,
			);
			defaultConfigurationIsVisible = 0;
			defaultConfigurationName = Release;
		};
		5152F71428F73308001383AF /* Build configuration list for PBXNativeTarget "ProductivityApp" */ = {
			isa = XCConfigurationList;
			buildConfigurations = (
				5152F71528F73308001383AF /* Debug */,
				5152F71628F73308001383AF /* Release */,
			);
			defaultConfigurationIsVisible = 0;
			defaultConfigurationName = Release;
		};
		5152F71728F73308001383AF /* Build configuration list for PBXNativeTarget "ProductivityAppTests" */ = {
			isa = XCConfigurationList;
			buildConfigurations = (
				5152F71828F73308001383AF /* Debug */,
				5152F71928F73308001383AF /* Release */,
			);
			defaultConfigurationIsVisible = 0;
			defaultConfigurationName = Release;
		};
		5152F71A28F73308001383AF /* Build configuration list for PBXNativeTarget "ProductivityAppUITests" */ = {
			isa = XCConfigurationList;
			buildConfigurations = (
				5152F71B28F73308001383AF /* Debug */,
				5152F71C28F73308001383AF /* Release */,
			);
			defaultConfigurationIsVisible = 0;
			defaultConfigurationName = Release;
		};
/* End XCConfigurationList section */
	};
	rootObject = 5152F6E728F73307001383AF /* Project object */;
}
