// !$*UTF8*$!
{
	archiveVersion = 1;
	classes = {
	};
	objectVersion = 56;
	objects = {

/* Begin PBXBuildFile section */
		51A614BB28D68CC30002A4C8 /* XCTestCase+TrackForMemoryLeaks.swift in Sources */ = {isa = PBXBuildFile; fileRef = 51A614BA28D68CC30002A4C8 /* XCTestCase+TrackForMemoryLeaks.swift */; };
		51A614BD28D68EF60002A4C8 /* NotesStoreSpy.swift in Sources */ = {isa = PBXBuildFile; fileRef = 51A614BC28D68EF60002A4C8 /* NotesStoreSpy.swift */; };
		51A614BF28D68F6B0002A4C8 /* GetNotesUseCaseTests.swift in Sources */ = {isa = PBXBuildFile; fileRef = 51A614BE28D68F6B0002A4C8 /* GetNotesUseCaseTests.swift */; };
		51A614C128DB67FE0002A4C8 /* GetNotesUseCase.swift in Sources */ = {isa = PBXBuildFile; fileRef = 51A614C028DB67FE0002A4C8 /* GetNotesUseCase.swift */; };
		51F4D60D28D16772007D92EC /* ProductivityFW.framework in Frameworks */ = {isa = PBXBuildFile; fileRef = 51F4D60428D16772007D92EC /* ProductivityFW.framework */; };
		51F4D61D28D16886007D92EC /* SaveNoteUseCaseTests.swift in Sources */ = {isa = PBXBuildFile; fileRef = 51F4D61C28D16886007D92EC /* SaveNoteUseCaseTests.swift */; };
		51F4D61F28D16AC7007D92EC /* SaveNoteUseCase.swift in Sources */ = {isa = PBXBuildFile; fileRef = 51F4D61E28D16AC7007D92EC /* SaveNoteUseCase.swift */; };
		51F4D62128D16B19007D92EC /* Note.swift in Sources */ = {isa = PBXBuildFile; fileRef = 51F4D62028D16B19007D92EC /* Note.swift */; };
		51F4D62328D1721A007D92EC /* NotesStore.swift in Sources */ = {isa = PBXBuildFile; fileRef = 51F4D62228D1721A007D92EC /* NotesStore.swift */; };
		51F4D62528D22FCA007D92EC /* CoreDataNotesStoreTests.swift in Sources */ = {isa = PBXBuildFile; fileRef = 51F4D62428D22FCA007D92EC /* CoreDataNotesStoreTests.swift */; };
		51F4D62B28D2426E007D92EC /* NotesStore.xcdatamodeld in Sources */ = {isa = PBXBuildFile; fileRef = 51F4D62928D2426E007D92EC /* NotesStore.xcdatamodeld */; };
		51F4D62D28D2454D007D92EC /* CoreDataNotesStore.swift in Sources */ = {isa = PBXBuildFile; fileRef = 51F4D62C28D2454D007D92EC /* CoreDataNotesStore.swift */; };
		51F4D62F28D25BF2007D92EC /* ManagedNote.swift in Sources */ = {isa = PBXBuildFile; fileRef = 51F4D62E28D25BF2007D92EC /* ManagedNote.swift */; };
		51F4D63728D3687E007D92EC /* LocalNote.swift in Sources */ = {isa = PBXBuildFile; fileRef = 51F4D63628D3687E007D92EC /* LocalNote.swift */; };
		51F4D63B28D3AA41007D92EC /* PersistenceTestHelpers.swift in Sources */ = {isa = PBXBuildFile; fileRef = 51F4D63A28D3AA41007D92EC /* PersistenceTestHelpers.swift */; };
/* End PBXBuildFile section */

/* Begin PBXContainerItemProxy section */
		51F4D60E28D16772007D92EC /* PBXContainerItemProxy */ = {
			isa = PBXContainerItemProxy;
			containerPortal = 51F4D5FB28D16771007D92EC /* Project object */;
			proxyType = 1;
			remoteGlobalIDString = 51F4D60328D16772007D92EC;
			remoteInfo = ProductivityFW;
		};
/* End PBXContainerItemProxy section */

/* Begin PBXFileReference section */
		51A614BA28D68CC30002A4C8 /* XCTestCase+TrackForMemoryLeaks.swift */ = {isa = PBXFileReference; lastKnownFileType = sourcecode.swift; path = "XCTestCase+TrackForMemoryLeaks.swift"; sourceTree = "<group>"; };
		51A614BC28D68EF60002A4C8 /* NotesStoreSpy.swift */ = {isa = PBXFileReference; lastKnownFileType = sourcecode.swift; path = NotesStoreSpy.swift; sourceTree = "<group>"; };
		51A614BE28D68F6B0002A4C8 /* GetNotesUseCaseTests.swift */ = {isa = PBXFileReference; lastKnownFileType = sourcecode.swift; path = GetNotesUseCaseTests.swift; sourceTree = "<group>"; };
		51A614C028DB67FE0002A4C8 /* GetNotesUseCase.swift */ = {isa = PBXFileReference; lastKnownFileType = sourcecode.swift; path = GetNotesUseCase.swift; sourceTree = "<group>"; };
		51F4D60428D16772007D92EC /* ProductivityFW.framework */ = {isa = PBXFileReference; explicitFileType = wrapper.framework; includeInIndex = 0; path = ProductivityFW.framework; sourceTree = BUILT_PRODUCTS_DIR; };
		51F4D60C28D16772007D92EC /* ProductivityFWTests.xctest */ = {isa = PBXFileReference; explicitFileType = wrapper.cfbundle; includeInIndex = 0; path = ProductivityFWTests.xctest; sourceTree = BUILT_PRODUCTS_DIR; };
		51F4D61C28D16886007D92EC /* SaveNoteUseCaseTests.swift */ = {isa = PBXFileReference; lastKnownFileType = sourcecode.swift; path = SaveNoteUseCaseTests.swift; sourceTree = "<group>"; };
		51F4D61E28D16AC7007D92EC /* SaveNoteUseCase.swift */ = {isa = PBXFileReference; lastKnownFileType = sourcecode.swift; path = SaveNoteUseCase.swift; sourceTree = "<group>"; };
		51F4D62028D16B19007D92EC /* Note.swift */ = {isa = PBXFileReference; lastKnownFileType = sourcecode.swift; path = Note.swift; sourceTree = "<group>"; };
		51F4D62228D1721A007D92EC /* NotesStore.swift */ = {isa = PBXFileReference; lastKnownFileType = sourcecode.swift; path = NotesStore.swift; sourceTree = "<group>"; };
		51F4D62428D22FCA007D92EC /* CoreDataNotesStoreTests.swift */ = {isa = PBXFileReference; lastKnownFileType = sourcecode.swift; path = CoreDataNotesStoreTests.swift; sourceTree = "<group>"; };
		51F4D62A28D2426E007D92EC /* NotesStore.xcdatamodel */ = {isa = PBXFileReference; lastKnownFileType = wrapper.xcdatamodel; path = NotesStore.xcdatamodel; sourceTree = "<group>"; };
		51F4D62C28D2454D007D92EC /* CoreDataNotesStore.swift */ = {isa = PBXFileReference; lastKnownFileType = sourcecode.swift; path = CoreDataNotesStore.swift; sourceTree = "<group>"; };
		51F4D62E28D25BF2007D92EC /* ManagedNote.swift */ = {isa = PBXFileReference; lastKnownFileType = sourcecode.swift; path = ManagedNote.swift; sourceTree = "<group>"; };
		51F4D63628D3687E007D92EC /* LocalNote.swift */ = {isa = PBXFileReference; lastKnownFileType = sourcecode.swift; path = LocalNote.swift; sourceTree = "<group>"; };
		51F4D63A28D3AA41007D92EC /* PersistenceTestHelpers.swift */ = {isa = PBXFileReference; lastKnownFileType = sourcecode.swift; path = PersistenceTestHelpers.swift; sourceTree = "<group>"; };
/* End PBXFileReference section */

/* Begin PBXFrameworksBuildPhase section */
		51F4D60128D16772007D92EC /* Frameworks */ = {
			isa = PBXFrameworksBuildPhase;
			buildActionMask = 2147483647;
			files = (
			);
			runOnlyForDeploymentPostprocessing = 0;
		};
		51F4D60928D16772007D92EC /* Frameworks */ = {
			isa = PBXFrameworksBuildPhase;
			buildActionMask = 2147483647;
			files = (
				51F4D60D28D16772007D92EC /* ProductivityFW.framework in Frameworks */,
			);
			runOnlyForDeploymentPostprocessing = 0;
		};
/* End PBXFrameworksBuildPhase section */

/* Begin PBXGroup section */
		51F4D5FA28D16771007D92EC = {
			isa = PBXGroup;
			children = (
				51F4D60628D16772007D92EC /* ProductivityFW */,
				51F4D61028D16772007D92EC /* ProductivityFWTests */,
				51F4D60528D16772007D92EC /* Products */,
			);
			sourceTree = "<group>";
		};
		51F4D60528D16772007D92EC /* Products */ = {
			isa = PBXGroup;
			children = (
				51F4D60428D16772007D92EC /* ProductivityFW.framework */,
				51F4D60C28D16772007D92EC /* ProductivityFWTests.xctest */,
			);
			name = Products;
			sourceTree = "<group>";
		};
		51F4D60628D16772007D92EC /* ProductivityFW */ = {
			isa = PBXGroup;
			children = (
				51F4D63028D357F8007D92EC /* Domain */,
				51F4D63328D35AD7007D92EC /* Persistence */,
			);
			path = ProductivityFW;
			sourceTree = "<group>";
		};
		51F4D61028D16772007D92EC /* ProductivityFWTests */ = {
			isa = PBXGroup;
			children = (
				51F4D63828D3A9F2007D92EC /* Helpers */,
				51F4D61C28D16886007D92EC /* SaveNoteUseCaseTests.swift */,
				51F4D62428D22FCA007D92EC /* CoreDataNotesStoreTests.swift */,
				51A614BE28D68F6B0002A4C8 /* GetNotesUseCaseTests.swift */,
			);
			path = ProductivityFWTests;
			sourceTree = "<group>";
		};
		51F4D63028D357F8007D92EC /* Domain */ = {
			isa = PBXGroup;
			children = (
				51F4D62028D16B19007D92EC /* Note.swift */,
			);
			path = Domain;
			sourceTree = "<group>";
		};
		51F4D63128D3595F007D92EC /* Infrastructure */ = {
			isa = PBXGroup;
			children = (
				51F4D63228D35A88007D92EC /* CoreData */,
			);
			path = Infrastructure;
			sourceTree = "<group>";
		};
		51F4D63228D35A88007D92EC /* CoreData */ = {
			isa = PBXGroup;
			children = (
				51F4D62C28D2454D007D92EC /* CoreDataNotesStore.swift */,
				51F4D62E28D25BF2007D92EC /* ManagedNote.swift */,
				51F4D62928D2426E007D92EC /* NotesStore.xcdatamodeld */,
			);
			path = CoreData;
			sourceTree = "<group>";
		};
		51F4D63328D35AD7007D92EC /* Persistence */ = {
			isa = PBXGroup;
			children = (
				51F4D63128D3595F007D92EC /* Infrastructure */,
				51F4D62228D1721A007D92EC /* NotesStore.swift */,
				51F4D61E28D16AC7007D92EC /* SaveNoteUseCase.swift */,
				51F4D63628D3687E007D92EC /* LocalNote.swift */,
				51A614C028DB67FE0002A4C8 /* GetNotesUseCase.swift */,
			);
			path = Persistence;
			sourceTree = "<group>";
		};
		51F4D63828D3A9F2007D92EC /* Helpers */ = {
			isa = PBXGroup;
			children = (
				51F4D63A28D3AA41007D92EC /* PersistenceTestHelpers.swift */,
				51A614BA28D68CC30002A4C8 /* XCTestCase+TrackForMemoryLeaks.swift */,
				51A614BC28D68EF60002A4C8 /* NotesStoreSpy.swift */,
			);
			path = Helpers;
			sourceTree = "<group>";
		};
/* End PBXGroup section */

/* Begin PBXHeadersBuildPhase section */
		51F4D5FF28D16772007D92EC /* Headers */ = {
			isa = PBXHeadersBuildPhase;
			buildActionMask = 2147483647;
			files = (
			);
			runOnlyForDeploymentPostprocessing = 0;
		};
/* End PBXHeadersBuildPhase section */

/* Begin PBXNativeTarget section */
		51F4D60328D16772007D92EC /* ProductivityFW */ = {
			isa = PBXNativeTarget;
			buildConfigurationList = 51F4D61628D16772007D92EC /* Build configuration list for PBXNativeTarget "ProductivityFW" */;
			buildPhases = (
				51F4D5FF28D16772007D92EC /* Headers */,
				51F4D60028D16772007D92EC /* Sources */,
				51F4D60128D16772007D92EC /* Frameworks */,
				51F4D60228D16772007D92EC /* Resources */,
			);
			buildRules = (
			);
			dependencies = (
			);
			name = ProductivityFW;
			productName = ProductivityFW;
			productReference = 51F4D60428D16772007D92EC /* ProductivityFW.framework */;
			productType = "com.apple.product-type.framework";
		};
		51F4D60B28D16772007D92EC /* ProductivityFWTests */ = {
			isa = PBXNativeTarget;
			buildConfigurationList = 51F4D61928D16772007D92EC /* Build configuration list for PBXNativeTarget "ProductivityFWTests" */;
			buildPhases = (
				51F4D60828D16772007D92EC /* Sources */,
				51F4D60928D16772007D92EC /* Frameworks */,
				51F4D60A28D16772007D92EC /* Resources */,
			);
			buildRules = (
			);
			dependencies = (
				51F4D60F28D16772007D92EC /* PBXTargetDependency */,
			);
			name = ProductivityFWTests;
			productName = ProductivityFWTests;
			productReference = 51F4D60C28D16772007D92EC /* ProductivityFWTests.xctest */;
			productType = "com.apple.product-type.bundle.unit-test";
		};
/* End PBXNativeTarget section */

/* Begin PBXProject section */
		51F4D5FB28D16771007D92EC /* Project object */ = {
			isa = PBXProject;
			attributes = {
				BuildIndependentTargetsInParallel = 1;
				LastSwiftUpdateCheck = 1400;
				LastUpgradeCheck = 1400;
				TargetAttributes = {
					51F4D60328D16772007D92EC = {
						CreatedOnToolsVersion = 14.0;
						LastSwiftMigration = 1400;
					};
					51F4D60B28D16772007D92EC = {
						CreatedOnToolsVersion = 14.0;
						LastSwiftMigration = 1400;
					};
				};
			};
			buildConfigurationList = 51F4D5FE28D16771007D92EC /* Build configuration list for PBXProject "ProductivityFW" */;
			compatibilityVersion = "Xcode 14.0";
			developmentRegion = en;
			hasScannedForEncodings = 0;
			knownRegions = (
				en,
				Base,
			);
			mainGroup = 51F4D5FA28D16771007D92EC;
			productRefGroup = 51F4D60528D16772007D92EC /* Products */;
			projectDirPath = "";
			projectRoot = "";
			targets = (
				51F4D60328D16772007D92EC /* ProductivityFW */,
				51F4D60B28D16772007D92EC /* ProductivityFWTests */,
			);
		};
/* End PBXProject section */

/* Begin PBXResourcesBuildPhase section */
		51F4D60228D16772007D92EC /* Resources */ = {
			isa = PBXResourcesBuildPhase;
			buildActionMask = 2147483647;
			files = (
			);
			runOnlyForDeploymentPostprocessing = 0;
		};
		51F4D60A28D16772007D92EC /* Resources */ = {
			isa = PBXResourcesBuildPhase;
			buildActionMask = 2147483647;
			files = (
			);
			runOnlyForDeploymentPostprocessing = 0;
		};
/* End PBXResourcesBuildPhase section */

/* Begin PBXSourcesBuildPhase section */
		51F4D60028D16772007D92EC /* Sources */ = {
			isa = PBXSourcesBuildPhase;
			buildActionMask = 2147483647;
			files = (
				51F4D62328D1721A007D92EC /* NotesStore.swift in Sources */,
				51F4D62F28D25BF2007D92EC /* ManagedNote.swift in Sources */,
				51A614C128DB67FE0002A4C8 /* GetNotesUseCase.swift in Sources */,
				51F4D62B28D2426E007D92EC /* NotesStore.xcdatamodeld in Sources */,
				51F4D61F28D16AC7007D92EC /* SaveNoteUseCase.swift in Sources */,
				51F4D62D28D2454D007D92EC /* CoreDataNotesStore.swift in Sources */,
				51F4D63728D3687E007D92EC /* LocalNote.swift in Sources */,
				51F4D62128D16B19007D92EC /* Note.swift in Sources */,
			);
			runOnlyForDeploymentPostprocessing = 0;
		};
		51F4D60828D16772007D92EC /* Sources */ = {
			isa = PBXSourcesBuildPhase;
			buildActionMask = 2147483647;
			files = (
				51F4D63B28D3AA41007D92EC /* PersistenceTestHelpers.swift in Sources */,
				51F4D61D28D16886007D92EC /* SaveNoteUseCaseTests.swift in Sources */,
				51A614BD28D68EF60002A4C8 /* NotesStoreSpy.swift in Sources */,
				51A614BB28D68CC30002A4C8 /* XCTestCase+TrackForMemoryLeaks.swift in Sources */,
				51A614BF28D68F6B0002A4C8 /* GetNotesUseCaseTests.swift in Sources */,
				51F4D62528D22FCA007D92EC /* CoreDataNotesStoreTests.swift in Sources */,
			);
			runOnlyForDeploymentPostprocessing = 0;
		};
/* End PBXSourcesBuildPhase section */

/* Begin PBXTargetDependency section */
		51F4D60F28D16772007D92EC /* PBXTargetDependency */ = {
			isa = PBXTargetDependency;
			target = 51F4D60328D16772007D92EC /* ProductivityFW */;
			targetProxy = 51F4D60E28D16772007D92EC /* PBXContainerItemProxy */;
		};
/* End PBXTargetDependency section */

/* Begin XCBuildConfiguration section */
		51F4D61428D16772007D92EC /* Debug */ = {
			isa = XCBuildConfiguration;
			buildSettings = {
				ALWAYS_SEARCH_USER_PATHS = NO;
				CLANG_ANALYZER_NONNULL = YES;
				CLANG_ANALYZER_NUMBER_OBJECT_CONVERSION = YES_AGGRESSIVE;
				CLANG_CXX_LANGUAGE_STANDARD = "gnu++20";
				CLANG_ENABLE_MODULES = YES;
				CLANG_ENABLE_OBJC_ARC = YES;
				CLANG_ENABLE_OBJC_WEAK = YES;
				CLANG_WARN_BLOCK_CAPTURE_AUTORELEASING = YES;
				CLANG_WARN_BOOL_CONVERSION = YES;
				CLANG_WARN_COMMA = YES;
				CLANG_WARN_CONSTANT_CONVERSION = YES;
				CLANG_WARN_DEPRECATED_OBJC_IMPLEMENTATIONS = YES;
				CLANG_WARN_DIRECT_OBJC_ISA_USAGE = YES_ERROR;
				CLANG_WARN_DOCUMENTATION_COMMENTS = YES;
				CLANG_WARN_EMPTY_BODY = YES;
				CLANG_WARN_ENUM_CONVERSION = YES;
				CLANG_WARN_INFINITE_RECURSION = YES;
				CLANG_WARN_INT_CONVERSION = YES;
				CLANG_WARN_NON_LITERAL_NULL_CONVERSION = YES;
				CLANG_WARN_OBJC_IMPLICIT_RETAIN_SELF = YES;
				CLANG_WARN_OBJC_LITERAL_CONVERSION = YES;
				CLANG_WARN_OBJC_ROOT_CLASS = YES_ERROR;
				CLANG_WARN_QUOTED_INCLUDE_IN_FRAMEWORK_HEADER = YES;
				CLANG_WARN_RANGE_LOOP_ANALYSIS = YES;
				CLANG_WARN_STRICT_PROTOTYPES = YES;
				CLANG_WARN_SUSPICIOUS_MOVE = YES;
				CLANG_WARN_UNGUARDED_AVAILABILITY = YES_AGGRESSIVE;
				CLANG_WARN_UNREACHABLE_CODE = YES;
				CLANG_WARN__DUPLICATE_METHOD_MATCH = YES;
				COPY_PHASE_STRIP = NO;
				CURRENT_PROJECT_VERSION = 1;
				DEBUG_INFORMATION_FORMAT = dwarf;
				ENABLE_STRICT_OBJC_MSGSEND = YES;
				ENABLE_TESTABILITY = YES;
				GCC_C_LANGUAGE_STANDARD = gnu11;
				GCC_DYNAMIC_NO_PIC = NO;
				GCC_NO_COMMON_BLOCKS = YES;
				GCC_OPTIMIZATION_LEVEL = 0;
				GCC_PREPROCESSOR_DEFINITIONS = (
					"DEBUG=1",
					"$(inherited)",
				);
				GCC_WARN_64_TO_32_BIT_CONVERSION = YES;
				GCC_WARN_ABOUT_RETURN_TYPE = YES_ERROR;
				GCC_WARN_UNDECLARED_SELECTOR = YES;
				GCC_WARN_UNINITIALIZED_AUTOS = YES_AGGRESSIVE;
				GCC_WARN_UNUSED_FUNCTION = YES;
				GCC_WARN_UNUSED_VARIABLE = YES;
				MACOSX_DEPLOYMENT_TARGET = 12.5;
				MTL_ENABLE_DEBUG_INFO = INCLUDE_SOURCE;
				MTL_FAST_MATH = YES;
				ONLY_ACTIVE_ARCH = YES;
				SDKROOT = macosx;
				SWIFT_ACTIVE_COMPILATION_CONDITIONS = DEBUG;
				SWIFT_OPTIMIZATION_LEVEL = "-Onone";
				VERSIONING_SYSTEM = "apple-generic";
				VERSION_INFO_PREFIX = "";
			};
			name = Debug;
		};
		51F4D61528D16772007D92EC /* Release */ = {
			isa = XCBuildConfiguration;
			buildSettings = {
				ALWAYS_SEARCH_USER_PATHS = NO;
				CLANG_ANALYZER_NONNULL = YES;
				CLANG_ANALYZER_NUMBER_OBJECT_CONVERSION = YES_AGGRESSIVE;
				CLANG_CXX_LANGUAGE_STANDARD = "gnu++20";
				CLANG_ENABLE_MODULES = YES;
				CLANG_ENABLE_OBJC_ARC = YES;
				CLANG_ENABLE_OBJC_WEAK = YES;
				CLANG_WARN_BLOCK_CAPTURE_AUTORELEASING = YES;
				CLANG_WARN_BOOL_CONVERSION = YES;
				CLANG_WARN_COMMA = YES;
				CLANG_WARN_CONSTANT_CONVERSION = YES;
				CLANG_WARN_DEPRECATED_OBJC_IMPLEMENTATIONS = YES;
				CLANG_WARN_DIRECT_OBJC_ISA_USAGE = YES_ERROR;
				CLANG_WARN_DOCUMENTATION_COMMENTS = YES;
				CLANG_WARN_EMPTY_BODY = YES;
				CLANG_WARN_ENUM_CONVERSION = YES;
				CLANG_WARN_INFINITE_RECURSION = YES;
				CLANG_WARN_INT_CONVERSION = YES;
				CLANG_WARN_NON_LITERAL_NULL_CONVERSION = YES;
				CLANG_WARN_OBJC_IMPLICIT_RETAIN_SELF = YES;
				CLANG_WARN_OBJC_LITERAL_CONVERSION = YES;
				CLANG_WARN_OBJC_ROOT_CLASS = YES_ERROR;
				CLANG_WARN_QUOTED_INCLUDE_IN_FRAMEWORK_HEADER = YES;
				CLANG_WARN_RANGE_LOOP_ANALYSIS = YES;
				CLANG_WARN_STRICT_PROTOTYPES = YES;
				CLANG_WARN_SUSPICIOUS_MOVE = YES;
				CLANG_WARN_UNGUARDED_AVAILABILITY = YES_AGGRESSIVE;
				CLANG_WARN_UNREACHABLE_CODE = YES;
				CLANG_WARN__DUPLICATE_METHOD_MATCH = YES;
				COPY_PHASE_STRIP = NO;
				CURRENT_PROJECT_VERSION = 1;
				DEBUG_INFORMATION_FORMAT = "dwarf-with-dsym";
				ENABLE_NS_ASSERTIONS = NO;
				ENABLE_STRICT_OBJC_MSGSEND = YES;
				GCC_C_LANGUAGE_STANDARD = gnu11;
				GCC_NO_COMMON_BLOCKS = YES;
				GCC_WARN_64_TO_32_BIT_CONVERSION = YES;
				GCC_WARN_ABOUT_RETURN_TYPE = YES_ERROR;
				GCC_WARN_UNDECLARED_SELECTOR = YES;
				GCC_WARN_UNINITIALIZED_AUTOS = YES_AGGRESSIVE;
				GCC_WARN_UNUSED_FUNCTION = YES;
				GCC_WARN_UNUSED_VARIABLE = YES;
				MACOSX_DEPLOYMENT_TARGET = 12.5;
				MTL_ENABLE_DEBUG_INFO = NO;
				MTL_FAST_MATH = YES;
				SDKROOT = macosx;
				SWIFT_COMPILATION_MODE = wholemodule;
				SWIFT_OPTIMIZATION_LEVEL = "-O";
				VERSIONING_SYSTEM = "apple-generic";
				VERSION_INFO_PREFIX = "";
			};
			name = Release;
		};
		51F4D61728D16772007D92EC /* Debug */ = {
			isa = XCBuildConfiguration;
			buildSettings = {
				CLANG_ENABLE_MODULES = YES;
				CODE_SIGN_STYLE = Automatic;
				COMBINE_HIDPI_IMAGES = YES;
				CURRENT_PROJECT_VERSION = 1;
				DEFINES_MODULE = YES;
				DEVELOPMENT_TEAM = B8AGE2A2NW;
				DYLIB_COMPATIBILITY_VERSION = 1;
				DYLIB_CURRENT_VERSION = 1;
				DYLIB_INSTALL_NAME_BASE = "@rpath";
				GENERATE_INFOPLIST_FILE = YES;
				INFOPLIST_KEY_NSHumanReadableCopyright = "";
				INSTALL_PATH = "$(LOCAL_LIBRARY_DIR)/Frameworks";
				LD_RUNPATH_SEARCH_PATHS = (
					"$(inherited)",
					"@executable_path/../Frameworks",
					"@loader_path/Frameworks",
				);
				MACOSX_DEPLOYMENT_TARGET = 12.4;
				MARKETING_VERSION = 1.0;
				PRODUCT_BUNDLE_IDENTIFIER = com.sepheise.ProductivityFW;
				PRODUCT_NAME = "$(TARGET_NAME:c99extidentifier)";
				SKIP_INSTALL = YES;
				SWIFT_EMIT_LOC_STRINGS = YES;
				SWIFT_OPTIMIZATION_LEVEL = "-Onone";
				SWIFT_VERSION = 5.0;
			};
			name = Debug;
		};
		51F4D61828D16772007D92EC /* Release */ = {
			isa = XCBuildConfiguration;
			buildSettings = {
				CLANG_ENABLE_MODULES = YES;
				CODE_SIGN_STYLE = Automatic;
				COMBINE_HIDPI_IMAGES = YES;
				CURRENT_PROJECT_VERSION = 1;
				DEFINES_MODULE = YES;
				DEVELOPMENT_TEAM = B8AGE2A2NW;
				DYLIB_COMPATIBILITY_VERSION = 1;
				DYLIB_CURRENT_VERSION = 1;
				DYLIB_INSTALL_NAME_BASE = "@rpath";
				GENERATE_INFOPLIST_FILE = YES;
				INFOPLIST_KEY_NSHumanReadableCopyright = "";
				INSTALL_PATH = "$(LOCAL_LIBRARY_DIR)/Frameworks";
				LD_RUNPATH_SEARCH_PATHS = (
					"$(inherited)",
					"@executable_path/../Frameworks",
					"@loader_path/Frameworks",
				);
				MACOSX_DEPLOYMENT_TARGET = 12.4;
				MARKETING_VERSION = 1.0;
				PRODUCT_BUNDLE_IDENTIFIER = com.sepheise.ProductivityFW;
				PRODUCT_NAME = "$(TARGET_NAME:c99extidentifier)";
				SKIP_INSTALL = YES;
				SWIFT_EMIT_LOC_STRINGS = YES;
				SWIFT_VERSION = 5.0;
			};
			name = Release;
		};
		51F4D61A28D16772007D92EC /* Debug */ = {
			isa = XCBuildConfiguration;
			buildSettings = {
				ALWAYS_EMBED_SWIFT_STANDARD_LIBRARIES = YES;
				CLANG_ENABLE_MODULES = YES;
				CODE_SIGN_STYLE = Automatic;
				CURRENT_PROJECT_VERSION = 1;
				DEVELOPMENT_TEAM = B8AGE2A2NW;
				GENERATE_INFOPLIST_FILE = YES;
				LD_RUNPATH_SEARCH_PATHS = (
					"$(inherited)",
					"@executable_path/../Frameworks",
					"@loader_path/../Frameworks",
				);
				MARKETING_VERSION = 1.0;
				PRODUCT_BUNDLE_IDENTIFIER = com.sepheise.ProductivityFWTests;
				PRODUCT_NAME = "$(TARGET_NAME)";
				SWIFT_EMIT_LOC_STRINGS = NO;
				SWIFT_OPTIMIZATION_LEVEL = "-Onone";
				SWIFT_VERSION = 5.0;
			};
			name = Debug;
		};
		51F4D61B28D16772007D92EC /* Release */ = {
			isa = XCBuildConfiguration;
			buildSettings = {
				ALWAYS_EMBED_SWIFT_STANDARD_LIBRARIES = YES;
				CLANG_ENABLE_MODULES = YES;
				CODE_SIGN_STYLE = Automatic;
				CURRENT_PROJECT_VERSION = 1;
				DEVELOPMENT_TEAM = B8AGE2A2NW;
				GENERATE_INFOPLIST_FILE = YES;
				LD_RUNPATH_SEARCH_PATHS = (
					"$(inherited)",
					"@executable_path/../Frameworks",
					"@loader_path/../Frameworks",
				);
				MARKETING_VERSION = 1.0;
				PRODUCT_BUNDLE_IDENTIFIER = com.sepheise.ProductivityFWTests;
				PRODUCT_NAME = "$(TARGET_NAME)";
				SWIFT_EMIT_LOC_STRINGS = NO;
				SWIFT_VERSION = 5.0;
			};
			name = Release;
		};
/* End XCBuildConfiguration section */

/* Begin XCConfigurationList section */
		51F4D5FE28D16771007D92EC /* Build configuration list for PBXProject "ProductivityFW" */ = {
			isa = XCConfigurationList;
			buildConfigurations = (
				51F4D61428D16772007D92EC /* Debug */,
				51F4D61528D16772007D92EC /* Release */,
			);
			defaultConfigurationIsVisible = 0;
			defaultConfigurationName = Release;
		};
		51F4D61628D16772007D92EC /* Build configuration list for PBXNativeTarget "ProductivityFW" */ = {
			isa = XCConfigurationList;
			buildConfigurations = (
				51F4D61728D16772007D92EC /* Debug */,
				51F4D61828D16772007D92EC /* Release */,
			);
			defaultConfigurationIsVisible = 0;
			defaultConfigurationName = Release;
		};
		51F4D61928D16772007D92EC /* Build configuration list for PBXNativeTarget "ProductivityFWTests" */ = {
			isa = XCConfigurationList;
			buildConfigurations = (
				51F4D61A28D16772007D92EC /* Debug */,
				51F4D61B28D16772007D92EC /* Release */,
			);
			defaultConfigurationIsVisible = 0;
			defaultConfigurationName = Release;
		};
/* End XCConfigurationList section */

/* Begin XCVersionGroup section */
		51F4D62928D2426E007D92EC /* NotesStore.xcdatamodeld */ = {
			isa = XCVersionGroup;
			children = (
				51F4D62A28D2426E007D92EC /* NotesStore.xcdatamodel */,
			);
			currentVersion = 51F4D62A28D2426E007D92EC /* NotesStore.xcdatamodel */;
			path = NotesStore.xcdatamodeld;
			sourceTree = "<group>";
			versionGroupType = wrapper.xcdatamodel;
		};
/* End XCVersionGroup section */
	};
	rootObject = 51F4D5FB28D16771007D92EC /* Project object */;
}
